<?xml version="1.0" encoding="utf-8"?>
<Project ToolsVersion="4.0" xmlns="http://schemas.microsoft.com/developer/msbuild/2003">
  <ItemGroup>
    <Filter Include="Archivos de origen">
      <UniqueIdentifier>{4FC737F1-C7A5-4376-A066-2A32D752A2FF}</UniqueIdentifier>
      <Extensions>cpp;c;cc;cxx;c++;cppm;ixx;def;odl;idl;hpj;bat;asm;asmx</Extensions>
    </Filter>
    <Filter Include="Archivos de encabezado">
      <UniqueIdentifier>{93995380-89BD-4b04-88EB-625FBE52EBFB}</UniqueIdentifier>
      <Extensions>h;hh;hpp;hxx;h++;hm;inl;inc;ipp;xsd</Extensions>
    </Filter>
    <Filter Include="Archivos de recursos">
      <UniqueIdentifier>{67DA6AB6-F800-4c08-8B7A-83BB121AAD01}</UniqueIdentifier>
      <Extensions>rc;ico;cur;bmp;dlg;rc2;rct;bin;rgs;gif;jpg;jpeg;jpe;resx;tiff;tif;png;wav;mfcribbon-ms</Extensions>
    </Filter>
    <Filter Include="Archivos de encabezado\GraphicApi">
      <UniqueIdentifier>{ac9320dc-f4e2-408c-ad24-8f4606615cbb}</UniqueIdentifier>
    </Filter>
    <Filter Include="Archivos de encabezado\Class">
      <UniqueIdentifier>{a8f001b4-9632-46ef-a690-0a7df8218e6b}</UniqueIdentifier>
    </Filter>
    <Filter Include="Archivos de encabezado\ClassDX">
      <UniqueIdentifier>{98ee4fea-5350-4b9a-a275-b0a765033a94}</UniqueIdentifier>
    </Filter>
    <Filter Include="Archivos de encabezado\ClassOGL">
      <UniqueIdentifier>{e6252b26-8e37-4eba-8268-ebe3a7ffd2a2}</UniqueIdentifier>
    </Filter>
    <Filter Include="Archivos de origen\Shaders">
      <UniqueIdentifier>{fe4a6564-76a7-4275-807c-ac37b80ec8c9}</UniqueIdentifier>
    </Filter>
    <Filter Include="Archivos de encabezado\LoadingModels">
      <UniqueIdentifier>{d9a81bf3-0473-4c85-9f69-98cc91ccd54c}</UniqueIdentifier>
    </Filter>
    <Filter Include="Archivos de origen\LoadingModels">
      <UniqueIdentifier>{9e86956c-bf8b-43e1-a153-fe922992c410}</UniqueIdentifier>
    </Filter>
    <Filter Include="Archivos de origen\GraphicApi">
      <UniqueIdentifier>{a617111c-c17f-4587-ad58-2406d7f1c883}</UniqueIdentifier>
    </Filter>
  </ItemGroup>
  <ItemGroup>
    <ClCompile Include="CPPs\Main.cpp">
      <Filter>Archivos de origen</Filter>
    </ClCompile>
    <ClCompile Include="CPPs\glad.c">
      <Filter>Archivos de origen</Filter>
    </ClCompile>
    <ClCompile Include="CPPs\CCamera.cpp">
      <Filter>Archivos de origen</Filter>
    </ClCompile>
    <ClCompile Include="CPPs\CModel.cpp">
      <Filter>Archivos de origen\LoadingModels</Filter>
    </ClCompile>
    <ClCompile Include="CPPs\CMesh.cpp">
      <Filter>Archivos de origen\LoadingModels</Filter>
    </ClCompile>
    <ClCompile Include="CPPs\CGraphicApiOGL.cpp">
      <Filter>Archivos de origen\GraphicApi</Filter>
    </ClCompile>
    <ClCompile Include="CPPs\CGraphicApiDX.cpp">
      <Filter>Archivos de origen\GraphicApi</Filter>
    </ClCompile>
  </ItemGroup>
  <ItemGroup>
    <ClInclude Include="Includes\CGraphicApi.h">
      <Filter>Archivos de encabezado\GraphicApi</Filter>
    </ClInclude>
    <ClInclude Include="Includes\CConstantBuffer.h">
      <Filter>Archivos de encabezado\Class</Filter>
    </ClInclude>
    <ClInclude Include="Includes\CConstantBufferDX.h">
      <Filter>Archivos de encabezado\ClassDX</Filter>
    </ClInclude>
    <ClInclude Include="Includes\CTexture.h">
      <Filter>Archivos de encabezado\Class</Filter>
    </ClInclude>
    <ClInclude Include="Includes\CTextureDX.h">
      <Filter>Archivos de encabezado\ClassDX</Filter>
    </ClInclude>
    <ClInclude Include="Includes\CSamplerState.h">
      <Filter>Archivos de encabezado\Class</Filter>
    </ClInclude>
    <ClInclude Include="Includes\CSamplerStateDX.h">
      <Filter>Archivos de encabezado\ClassDX</Filter>
    </ClInclude>
    <ClInclude Include="Includes\CInputLayout.h">
      <Filter>Archivos de encabezado\Class</Filter>
    </ClInclude>
    <ClInclude Include="Includes\CInputLayoutDX.h">
      <Filter>Archivos de encabezado\ClassDX</Filter>
    </ClInclude>
    <ClInclude Include="Includes\CTextureOGL.h">
      <Filter>Archivos de encabezado\ClassOGL</Filter>
    </ClInclude>
    <ClInclude Include="Includes\CSamplerStateOGL.h">
      <Filter>Archivos de encabezado\ClassOGL</Filter>
    </ClInclude>
    <ClInclude Include="Includes\CConstantBufferOGL.h">
      <Filter>Archivos de encabezado\ClassOGL</Filter>
    </ClInclude>
    <ClInclude Include="Includes\CShaders.h">
      <Filter>Archivos de encabezado\Class</Filter>
    </ClInclude>
    <ClInclude Include="Includes\CShadersDX.h">
      <Filter>Archivos de encabezado\ClassDX</Filter>
    </ClInclude>
    <ClInclude Include="Includes\CShadersOGL.h">
      <Filter>Archivos de encabezado\ClassOGL</Filter>
    </ClInclude>
    <ClInclude Include="Includes\CVertexBuffer.h">
      <Filter>Archivos de encabezado\Class</Filter>
    </ClInclude>
    <ClInclude Include="Includes\CVertexBufferDX.h">
      <Filter>Archivos de encabezado\ClassDX</Filter>
    </ClInclude>
    <ClInclude Include="Includes\CVertexBufferOGL.h">
      <Filter>Archivos de encabezado\ClassOGL</Filter>
    </ClInclude>
    <ClInclude Include="Includes\CIndexBuffer.h">
      <Filter>Archivos de encabezado\Class</Filter>
    </ClInclude>
    <ClInclude Include="Includes\CIndexBufferDX.h">
      <Filter>Archivos de encabezado\ClassDX</Filter>
    </ClInclude>
    <ClInclude Include="Includes\CIndexBufferOGL.h">
      <Filter>Archivos de encabezado\ClassOGL</Filter>
    </ClInclude>
    <ClInclude Include="Includes\stb_image.h">
      <Filter>Archivos de encabezado</Filter>
    </ClInclude>
    <ClInclude Include="Includes\CInputLayoutOGL.h">
      <Filter>Archivos de encabezado\ClassOGL</Filter>
    </ClInclude>
    <ClInclude Include="Includes\CCamera.h">
      <Filter>Archivos de encabezado</Filter>
    </ClInclude>
    <ClInclude Include="Includes\CModel.h">
      <Filter>Archivos de encabezado\LoadingModels</Filter>
    </ClInclude>
    <ClInclude Include="Includes\CMesh.h">
      <Filter>Archivos de encabezado\LoadingModels</Filter>
    </ClInclude>
    <ClInclude Include="Includes\Structures.h">
      <Filter>Archivos de encabezado</Filter>
    </ClInclude>
    <ClInclude Include="Includes\CGraphicApiOGL.h">
      <Filter>Archivos de encabezado\GraphicApi</Filter>
    </ClInclude>
    <ClInclude Include="Includes\CGraphicApiDX.h">
      <Filter>Archivos de encabezado\GraphicApi</Filter>
    </ClInclude>
  </ItemGroup>
</Project>